{
  "name": " ",
  "version": "0.0.1",
  "lockfileVersion": 1,
  "requires": true,
  "dependencies": {
    "parcel-namer-without-hash": {
      "version": "0.0.1",
      "resolved": "https://registry.npmjs.org/parcel-namer-without-hash/-/parcel-namer-without-hash-0.0.1.tgz",
      "integrity": "sha512-G1dY6lPqSjoCZJoMoyz0bPavNJgd7sLHgDOtZQS47/3moWCiqm3uY0bNkaDA/NEZGoPLmH6D2eJSPzctCYtmDQ==",
      "dev": true
    }
  }
}
